
Microsoft Visual Studio Solution File, Format Version 12.00
# Visual Studio Version 17
VisualStudioVersion = 17.7.34024.191
MinimumVisualStudioVersion = 10.0.40219.1
Project("{2150E333-8FDC-42A3-9474-1A3956D46DE8}") = "APPLICATION", "APPLICATION", "{231ACAC0-3E1A-47F1-8803-52D258275807}"
EndProject
Project("{2150E333-8FDC-42A3-9474-1A3956D46DE8}") = "CORE", "CORE", "{FF2BF763-EA4D-4196-B960-9717083A9C16}"
EndProject
Project("{2150E333-8FDC-42A3-9474-1A3956D46DE8}") = "INFRA", "INFRA", "{D744A24C-46E2-4FC1-A1D8-CFA44FD5B492}"
EndProject
Project("{9A19103F-16F7-4668-BE54-9A1E7A4F7556}") = "INFRA", "INFRA\INFRA.csproj", "{0843675B-A5E2-4E22-8E77-D1E6D77A2E56}"
EndProject
Project("{9A19103F-16F7-4668-BE54-9A1E7A4F7556}") = "CORE", "CORE\CORE.csproj", "{7A09C16B-F930-4EC8-B8C0-EA2DAEB8F8F7}"
EndProject
Project("{2150E333-8FDC-42A3-9474-1A3956D46DE8}") = "API.FUNCTIONS", "API.FUNCTIONS", "{9A71C7A7-3D0D-4DEB-AB34-8F6ED66A584D}"
EndProject
Project("{9A19103F-16F7-4668-BE54-9A1E7A4F7556}") = "Nfe.CQRS", "APPLICATION\Nfe.CQRS\Nfe.CQRS.csproj", "{ADFCCA44-FA75-4925-92BF-CD696C29558B}"
EndProject
Project("{9A19103F-16F7-4668-BE54-9A1E7A4F7556}") = "ProcessadorNfe.Function", "API.FUNCTIONS\ProcessadorNfe.Function\ProcessadorNfe.Function.csproj", "{57C609BC-9A25-4B6C-A569-4E48CA3D6657}"
EndProject
Global
	GlobalSection(SolutionConfigurationPlatforms) = preSolution
		Debug|Any CPU = Debug|Any CPU
		Release|Any CPU = Release|Any CPU
	EndGlobalSection
	GlobalSection(ProjectConfigurationPlatforms) = postSolution
		{0843675B-A5E2-4E22-8E77-D1E6D77A2E56}.Debug|Any CPU.ActiveCfg = Debug|Any CPU
		{0843675B-A5E2-4E22-8E77-D1E6D77A2E56}.Debug|Any CPU.Build.0 = Debug|Any CPU
		{0843675B-A5E2-4E22-8E77-D1E6D77A2E56}.Release|Any CPU.ActiveCfg = Release|Any CPU
		{0843675B-A5E2-4E22-8E77-D1E6D77A2E56}.Release|Any CPU.Build.0 = Release|Any CPU
		{7A09C16B-F930-4EC8-B8C0-EA2DAEB8F8F7}.Debug|Any CPU.ActiveCfg = Debug|Any CPU
		{7A09C16B-F930-4EC8-B8C0-EA2DAEB8F8F7}.Debug|Any CPU.Build.0 = Debug|Any CPU
		{7A09C16B-F930-4EC8-B8C0-EA2DAEB8F8F7}.Release|Any CPU.ActiveCfg = Release|Any CPU
		{7A09C16B-F930-4EC8-B8C0-EA2DAEB8F8F7}.Release|Any CPU.Build.0 = Release|Any CPU
		{ADFCCA44-FA75-4925-92BF-CD696C29558B}.Debug|Any CPU.ActiveCfg = Debug|Any CPU
		{ADFCCA44-FA75-4925-92BF-CD696C29558B}.Debug|Any CPU.Build.0 = Debug|Any CPU
		{ADFCCA44-FA75-4925-92BF-CD696C29558B}.Release|Any CPU.ActiveCfg = Release|Any CPU
		{ADFCCA44-FA75-4925-92BF-CD696C29558B}.Release|Any CPU.Build.0 = Release|Any CPU
		{57C609BC-9A25-4B6C-A569-4E48CA3D6657}.Debug|Any CPU.ActiveCfg = Debug|Any CPU
		{57C609BC-9A25-4B6C-A569-4E48CA3D6657}.Debug|Any CPU.Build.0 = Debug|Any CPU
		{57C609BC-9A25-4B6C-A569-4E48CA3D6657}.Release|Any CPU.ActiveCfg = Release|Any CPU
		{57C609BC-9A25-4B6C-A569-4E48CA3D6657}.Release|Any CPU.Build.0 = Release|Any CPU
	EndGlobalSection
	GlobalSection(SolutionProperties) = preSolution
		HideSolutionNode = FALSE
	EndGlobalSection
	GlobalSection(NestedProjects) = preSolution
		{0843675B-A5E2-4E22-8E77-D1E6D77A2E56} = {D744A24C-46E2-4FC1-A1D8-CFA44FD5B492}
		{7A09C16B-F930-4EC8-B8C0-EA2DAEB8F8F7} = {FF2BF763-EA4D-4196-B960-9717083A9C16}
		{ADFCCA44-FA75-4925-92BF-CD696C29558B} = {231ACAC0-3E1A-47F1-8803-52D258275807}
		{57C609BC-9A25-4B6C-A569-4E48CA3D6657} = {9A71C7A7-3D0D-4DEB-AB34-8F6ED66A584D}
	EndGlobalSection
	GlobalSection(ExtensibilityGlobals) = postSolution
		SolutionGuid = {6287D55B-9807-4F8F-8FBA-B67CA3DDD508}
	EndGlobalSection
EndGlobal
